
Microsoft Visual Studio Solution File, Format Version 12.00
# Visual Studio Version 17
VisualStudioVersion = 17.2.32519.379
MinimumVisualStudioVersion = 10.0.40219.1
Project("{FAE04EC0-301F-11D3-BF4B-00C04F79EFBC}") = "ChristmasCountDown", "ChristmasCountDown\ChristmasCountDown.csproj", "{1994DC61-0942-4D1E-B90C-D8C8668700B7}"
EndProject
Global
	GlobalSection(SolutionConfigurationPlatforms) = preSolution
		Debug|Any CPU = Debug|Any CPU
		Release|Any CPU = Release|Any CPU
	EndGlobalSection
	GlobalSection(ProjectConfigurationPlatforms) = postSolution
		{1994DC61-0942-4D1E-B90C-D8C8668700B7}.Debug|Any CPU.ActiveCfg = Debug|Any CPU
		{1994DC61-0942-4D1E-B90C-D8C8668700B7}.Debug|Any CPU.Build.0 = Debug|Any CPU
		{1994DC61-0942-4D1E-B90C-D8C8668700B7}.Release|Any CPU.ActiveCfg = Release|Any CPU
		{1994DC61-0942-4D1E-B90C-D8C8668700B7}.Release|Any CPU.Build.0 = Release|Any CPU
	EndGlobalSection
	GlobalSection(SolutionProperties) = preSolution
		HideSolutionNode = FALSE
	EndGlobalSection
	GlobalSection(ExtensibilityGlobals) = postSolution
		SolutionGuid = {BB5D7CB2-EDF1-42DB-9D78-C002D547BF96}
	EndGlobalSection
EndGlobal
